
Microsoft Visual Studio Solution File, Format Version 12.00
# Visual Studio Version 16
VisualStudioVersion = 16.0.29728.190
MinimumVisualStudioVersion = 10.0.40219.1
Project("{9A19103F-16F7-4668-BE54-9A1E7A4F7556}") = "Acme.Models", "Acme.Models\Acme.Models.csproj", "{E8A6DEC4-D2AE-495D-B8AB-E3B9EF9CC694}"
EndProject
Project("{9A19103F-16F7-4668-BE54-9A1E7A4F7556}") = "Acme.UnitTests", "Acme.UnitTests\Acme.UnitTests.csproj", "{40CC0CD9-013B-4C38-8F7E-29E318C4DABB}"
EndProject
Project("{FAE04EC0-301F-11D3-BF4B-00C04F79EFBC}") = "Acme.WebAPI", "Acme.WebAPI\Acme.WebAPI.csproj", "{3B0AC5B0-D8BC-4B38-BAAB-FAF023B86749}"
EndProject
Global
	GlobalSection(SolutionConfigurationPlatforms) = preSolution
		Debug|Any CPU = Debug|Any CPU
		Release|Any CPU = Release|Any CPU
	EndGlobalSection
	GlobalSection(ProjectConfigurationPlatforms) = postSolution
		{E8A6DEC4-D2AE-495D-B8AB-E3B9EF9CC694}.Debug|Any CPU.ActiveCfg = Debug|Any CPU
		{E8A6DEC4-D2AE-495D-B8AB-E3B9EF9CC694}.Debug|Any CPU.Build.0 = Debug|Any CPU
		{E8A6DEC4-D2AE-495D-B8AB-E3B9EF9CC694}.Release|Any CPU.ActiveCfg = Release|Any CPU
		{E8A6DEC4-D2AE-495D-B8AB-E3B9EF9CC694}.Release|Any CPU.Build.0 = Release|Any CPU
		{40CC0CD9-013B-4C38-8F7E-29E318C4DABB}.Debug|Any CPU.ActiveCfg = Debug|Any CPU
		{40CC0CD9-013B-4C38-8F7E-29E318C4DABB}.Debug|Any CPU.Build.0 = Debug|Any CPU
		{40CC0CD9-013B-4C38-8F7E-29E318C4DABB}.Release|Any CPU.ActiveCfg = Release|Any CPU
		{40CC0CD9-013B-4C38-8F7E-29E318C4DABB}.Release|Any CPU.Build.0 = Release|Any CPU
		{3B0AC5B0-D8BC-4B38-BAAB-FAF023B86749}.Debug|Any CPU.ActiveCfg = Debug|Any CPU
		{3B0AC5B0-D8BC-4B38-BAAB-FAF023B86749}.Debug|Any CPU.Build.0 = Debug|Any CPU
		{3B0AC5B0-D8BC-4B38-BAAB-FAF023B86749}.Release|Any CPU.ActiveCfg = Release|Any CPU
		{3B0AC5B0-D8BC-4B38-BAAB-FAF023B86749}.Release|Any CPU.Build.0 = Release|Any CPU
	EndGlobalSection
	GlobalSection(SolutionProperties) = preSolution
		HideSolutionNode = FALSE
	EndGlobalSection
	GlobalSection(ExtensibilityGlobals) = postSolution
		SolutionGuid = {2CC32A5E-9459-49A2-AC7F-8E4AC7EB490A}
	EndGlobalSection
EndGlobal
